
Microsoft Visual Studio Solution File, Format Version 12.00
# Visual Studio Version 17
VisualStudioVersion = 17.6.33829.357
MinimumVisualStudioVersion = 10.0.40219.1
Project("{FAE04EC0-301F-11D3-BF4B-00C04F79EFBC}") = "InheritanceDemo", "InheritanceDemo.csproj", "{01DCF6E8-4F33-4B6C-8BC5-08587B9FB18A}"
EndProject
Global
	GlobalSection(SolutionConfigurationPlatforms) = preSolution
		Debug|Any CPU = Debug|Any CPU
		Release|Any CPU = Release|Any CPU
	EndGlobalSection
	GlobalSection(ProjectConfigurationPlatforms) = postSolution
		{01DCF6E8-4F33-4B6C-8BC5-08587B9FB18A}.Debug|Any CPU.ActiveCfg = Debug|Any CPU
		{01DCF6E8-4F33-4B6C-8BC5-08587B9FB18A}.Debug|Any CPU.Build.0 = Debug|Any CPU
		{01DCF6E8-4F33-4B6C-8BC5-08587B9FB18A}.Release|Any CPU.ActiveCfg = Release|Any CPU
		{01DCF6E8-4F33-4B6C-8BC5-08587B9FB18A}.Release|Any CPU.Build.0 = Release|Any CPU
	EndGlobalSection
	GlobalSection(SolutionProperties) = preSolution
		HideSolutionNode = FALSE
	EndGlobalSection
	GlobalSection(ExtensibilityGlobals) = postSolution
		SolutionGuid = {1EAB01A5-8857-47BE-B62B-557CC4821DDD}
	EndGlobalSection
EndGlobal
